// !$*UTF8*$!
{
	archiveVersion = 1;
	classes = {
	};
	objectVersion = 46;
	objects = {

/* Begin PBXBuildFile section */
		5C0349BE1E52CC6100C990DB /* ShareData.swift in Sources */ = {isa = PBXBuildFile; fileRef = 5C0349BD1E52CC6100C990DB /* ShareData.swift */; };
		5C0349C11E52D84500C990DB /* WebViewController.swift in Sources */ = {isa = PBXBuildFile; fileRef = 5C0349BF1E52D84500C990DB /* WebViewController.swift */; };
		5C0349C21E52D84500C990DB /* WebViewController.xib in Resources */ = {isa = PBXBuildFile; fileRef = 5C0349C01E52D84500C990DB /* WebViewController.xib */; };
		5C08C9D01E48503C008B957D /* SampleViewController.swift in Sources */ = {isa = PBXBuildFile; fileRef = 5C08C9CE1E48503C008B957D /* SampleViewController.swift */; };
		5C08C9D11E48503C008B957D /* SampleViewController.xib in Resources */ = {isa = PBXBuildFile; fileRef = 5C08C9CF1E48503C008B957D /* SampleViewController.xib */; };
		5C08C9E21E487C01008B957D /* ViewCell2.swift in Sources */ = {isa = PBXBuildFile; fileRef = 5C08C9E01E487C01008B957D /* ViewCell2.swift */; };
		5C08C9E31E487C01008B957D /* ViewCell2.xib in Resources */ = {isa = PBXBuildFile; fileRef = 5C08C9E11E487C01008B957D /* ViewCell2.xib */; };
		5C08C9E71E487E1A008B957D /* ViewCell3.swift in Sources */ = {isa = PBXBuildFile; fileRef = 5C08C9E51E487E1A008B957D /* ViewCell3.swift */; };
		5C08C9EA1E48839D008B957D /* ViewCell3.xib in Resources */ = {isa = PBXBuildFile; fileRef = 5C08C9E91E48839D008B957D /* ViewCell3.xib */; };
		5C08C9F11E4896E1008B957D /* MasterViewController.swift in Sources */ = {isa = PBXBuildFile; fileRef = 5C08C9EF1E4896E1008B957D /* MasterViewController.swift */; };
		5C08C9F21E4896E1008B957D /* MasterViewController.xib in Resources */ = {isa = PBXBuildFile; fileRef = 5C08C9F01E4896E1008B957D /* MasterViewController.xib */; };
		5C08C9F71E489882008B957D /* ViewCell4.swift in Sources */ = {isa = PBXBuildFile; fileRef = 5C08C9F51E489882008B957D /* ViewCell4.swift */; };
		5C08C9F81E489882008B957D /* ViewCell4.xib in Resources */ = {isa = PBXBuildFile; fileRef = 5C08C9F61E489882008B957D /* ViewCell4.xib */; };
		5C08C9FB1E489A85008B957D /* DetailViewController.swift in Sources */ = {isa = PBXBuildFile; fileRef = 5C08C9F91E489A85008B957D /* DetailViewController.swift */; };
		5C08C9FC1E489A85008B957D /* DetailViewController.xib in Resources */ = {isa = PBXBuildFile; fileRef = 5C08C9FA1E489A85008B957D /* DetailViewController.xib */; };
		5C28A47A1E444EB300152411 /* SixthViewController.swift in Sources */ = {isa = PBXBuildFile; fileRef = 5C28A4781E444EB300152411 /* SixthViewController.swift */; };
		5C28A47B1E444EB300152411 /* SixthViewController.xib in Resources */ = {isa = PBXBuildFile; fileRef = 5C28A4791E444EB300152411 /* SixthViewController.xib */; };
		5C28A47E1E444F8100152411 /* InstructionView.swift in Sources */ = {isa = PBXBuildFile; fileRef = 5C28A47C1E444F8100152411 /* InstructionView.swift */; };
		5C28A47F1E444F8100152411 /* InstructionView.xib in Resources */ = {isa = PBXBuildFile; fileRef = 5C28A47D1E444F8100152411 /* InstructionView.xib */; };
		5C2CBF711E459DFA002CB43B /* 1.txt in Resources */ = {isa = PBXBuildFile; fileRef = 5C2CBF701E459DFA002CB43B /* 1.txt */; };
		5C44B8211E54203D002EFD33 /* SwiftyJSON.swift in Sources */ = {isa = PBXBuildFile; fileRef = 5C44B8201E54203D002EFD33 /* SwiftyJSON.swift */; };
		5C44B8241E542232002EFD33 /* AlamJsonController.swift in Sources */ = {isa = PBXBuildFile; fileRef = 5C44B8221E542232002EFD33 /* AlamJsonController.swift */; };
		5C44B8251E542232002EFD33 /* AlamJsonController.xib in Resources */ = {isa = PBXBuildFile; fileRef = 5C44B8231E542232002EFD33 /* AlamJsonController.xib */; };
		5C44B88B1E542CE7002EFD33 /* AFError.swift in Sources */ = {isa = PBXBuildFile; fileRef = 5C44B8771E542CE7002EFD33 /* AFError.swift */; };
		5C44B88C1E542CE7002EFD33 /* Alamofire.swift in Sources */ = {isa = PBXBuildFile; fileRef = 5C44B8791E542CE7002EFD33 /* Alamofire.swift */; };
		5C44B88D1E542CE7002EFD33 /* DispatchQueue+Alamofire.swift in Sources */ = {isa = PBXBuildFile; fileRef = 5C44B87A1E542CE7002EFD33 /* DispatchQueue+Alamofire.swift */; };
		5C44B88E1E542CE7002EFD33 /* Info-tvOS.plist in Resources */ = {isa = PBXBuildFile; fileRef = 5C44B87B1E542CE7002EFD33 /* Info-tvOS.plist */; };
		5C44B88F1E542CE7002EFD33 /* Info.plist in Resources */ = {isa = PBXBuildFile; fileRef = 5C44B87C1E542CE7002EFD33 /* Info.plist */; };
		5C44B8901E542CE7002EFD33 /* MultipartFormData.swift in Sources */ = {isa = PBXBuildFile; fileRef = 5C44B87D1E542CE7002EFD33 /* MultipartFormData.swift */; };
		5C44B8911E542CE7002EFD33 /* NetworkReachabilityManager.swift in Sources */ = {isa = PBXBuildFile; fileRef = 5C44B87E1E542CE7002EFD33 /* NetworkReachabilityManager.swift */; };
		5C44B8921E542CE7002EFD33 /* Notifications.swift in Sources */ = {isa = PBXBuildFile; fileRef = 5C44B87F1E542CE7002EFD33 /* Notifications.swift */; };
		5C44B8931E542CE7002EFD33 /* ParameterEncoding.swift in Sources */ = {isa = PBXBuildFile; fileRef = 5C44B8801E542CE7002EFD33 /* ParameterEncoding.swift */; };
		5C44B8941E542CE7002EFD33 /* Request.swift in Sources */ = {isa = PBXBuildFile; fileRef = 5C44B8811E542CE7002EFD33 /* Request.swift */; };
		5C44B8951E542CE7002EFD33 /* Response.swift in Sources */ = {isa = PBXBuildFile; fileRef = 5C44B8821E542CE7002EFD33 /* Response.swift */; };
		5C44B8961E542CE7002EFD33 /* ResponseSerialization.swift in Sources */ = {isa = PBXBuildFile; fileRef = 5C44B8831E542CE7002EFD33 /* ResponseSerialization.swift */; };
		5C44B8971E542CE7002EFD33 /* Result.swift in Sources */ = {isa = PBXBuildFile; fileRef = 5C44B8841E542CE7002EFD33 /* Result.swift */; };
		5C44B8981E542CE7002EFD33 /* ServerTrustPolicy.swift in Sources */ = {isa = PBXBuildFile; fileRef = 5C44B8851E542CE7002EFD33 /* ServerTrustPolicy.swift */; };
		5C44B8991E542CE7002EFD33 /* SessionDelegate.swift in Sources */ = {isa = PBXBuildFile; fileRef = 5C44B8861E542CE7002EFD33 /* SessionDelegate.swift */; };
		5C44B89A1E542CE7002EFD33 /* SessionManager.swift in Sources */ = {isa = PBXBuildFile; fileRef = 5C44B8871E542CE7002EFD33 /* SessionManager.swift */; };
		5C44B89B1E542CE7002EFD33 /* TaskDelegate.swift in Sources */ = {isa = PBXBuildFile; fileRef = 5C44B8881E542CE7002EFD33 /* TaskDelegate.swift */; };
		5C44B89C1E542CE7002EFD33 /* Timeline.swift in Sources */ = {isa = PBXBuildFile; fileRef = 5C44B8891E542CE7002EFD33 /* Timeline.swift */; };
		5C44B89D1E542CE7002EFD33 /* Validation.swift in Sources */ = {isa = PBXBuildFile; fileRef = 5C44B88A1E542CE7002EFD33 /* Validation.swift */; };
		5C44B8A11E546289002EFD33 /* Station.swift in Sources */ = {isa = PBXBuildFile; fileRef = 5C44B89F1E546289002EFD33 /* Station.swift */; };
		5C44B8A21E546289002EFD33 /* stations.plist in Resources */ = {isa = PBXBuildFile; fileRef = 5C44B8A01E546289002EFD33 /* stations.plist */; };
		5C4A62A81E388F3B000B36C3 /* AppDelegate.swift in Sources */ = {isa = PBXBuildFile; fileRef = 5C4A62A71E388F3B000B36C3 /* AppDelegate.swift */; };
		5C4A62AA1E388F3B000B36C3 /* ViewController.swift in Sources */ = {isa = PBXBuildFile; fileRef = 5C4A62A91E388F3B000B36C3 /* ViewController.swift */; };
		5C4A62AD1E388F3B000B36C3 /* Main.storyboard in Resources */ = {isa = PBXBuildFile; fileRef = 5C4A62AB1E388F3B000B36C3 /* Main.storyboard */; };
		5C4A62AF1E388F3B000B36C3 /* Assets.xcassets in Resources */ = {isa = PBXBuildFile; fileRef = 5C4A62AE1E388F3B000B36C3 /* Assets.xcassets */; };
		5C4A62B21E388F3B000B36C3 /* LaunchScreen.storyboard in Resources */ = {isa = PBXBuildFile; fileRef = 5C4A62B01E388F3B000B36C3 /* LaunchScreen.storyboard */; };
		5C4A62BD1E388F3C000B36C3 /* sampleprojectTests.swift in Sources */ = {isa = PBXBuildFile; fileRef = 5C4A62BC1E388F3C000B36C3 /* sampleprojectTests.swift */; };
		5C4A62C81E388F3C000B36C3 /* sampleprojectUITests.swift in Sources */ = {isa = PBXBuildFile; fileRef = 5C4A62C71E388F3C000B36C3 /* sampleprojectUITests.swift */; };
		5C4A62D61E3891DD000B36C3 /* View.xib in Resources */ = {isa = PBXBuildFile; fileRef = 5C4A62D51E3891DD000B36C3 /* View.xib */; };
		5C557BF31E38B59100EA4690 /* SecondViewController.swift in Sources */ = {isa = PBXBuildFile; fileRef = 5C557BF11E38B59100EA4690 /* SecondViewController.swift */; };
		5C557BF41E38B59100EA4690 /* SecondViewController.xib in Resources */ = {isa = PBXBuildFile; fileRef = 5C557BF21E38B59100EA4690 /* SecondViewController.xib */; };
		5C557BF71E38B7CB00EA4690 /* ThirdViewController.swift in Sources */ = {isa = PBXBuildFile; fileRef = 5C557BF51E38B7CB00EA4690 /* ThirdViewController.swift */; };
		5C557BF81E38B7CB00EA4690 /* ThirdViewController.xib in Resources */ = {isa = PBXBuildFile; fileRef = 5C557BF61E38B7CB00EA4690 /* ThirdViewController.xib */; };
		5C68FE011E45BFBE00BDE7C2 /* 2.txt in Resources */ = {isa = PBXBuildFile; fileRef = 5C68FE001E45BFBE00BDE7C2 /* 2.txt */; };
		5C6FB91A1E4DC7A50007CCEF /* Model.xcdatamodeld in Sources */ = {isa = PBXBuildFile; fileRef = 5C6FB9181E4DC7A50007CCEF /* Model.xcdatamodeld */; };
		5C77E42B1E5174DF00E06DF2 /* CoreDataViewController.swift in Sources */ = {isa = PBXBuildFile; fileRef = 5C77E4291E5174DF00E06DF2 /* CoreDataViewController.swift */; };
		5C77E42C1E5174DF00E06DF2 /* CoreDataViewController.xib in Resources */ = {isa = PBXBuildFile; fileRef = 5C77E42A1E5174DF00E06DF2 /* CoreDataViewController.xib */; };
		5C77E42E1E51767B00E06DF2 /* CoreDataConnection.swift in Sources */ = {isa = PBXBuildFile; fileRef = 5C77E42D1E51767B00E06DF2 /* CoreDataConnection.swift */; };
		5C8F47741E405105004551DB /* FourthViewController.swift in Sources */ = {isa = PBXBuildFile; fileRef = 5C8F47721E405105004551DB /* FourthViewController.swift */; };
		5C8F47751E405105004551DB /* FourthViewController.xib in Resources */ = {isa = PBXBuildFile; fileRef = 5C8F47731E405105004551DB /* FourthViewController.xib */; };
		5C8F47791E4054A7004551DB /* ViewCell1.swift in Sources */ = {isa = PBXBuildFile; fileRef = 5C8F47771E4054A6004551DB /* ViewCell1.swift */; };
		5C8F477A1E4054A7004551DB /* ViewCell1.xib in Resources */ = {isa = PBXBuildFile; fileRef = 5C8F47781E4054A7004551DB /* ViewCell1.xib */; };
		5C8F477C1E405752004551DB /* 1.json in Resources */ = {isa = PBXBuildFile; fileRef = 5C8F477B1E405752004551DB /* 1.json */; };
		5C8F477F1E4071BB004551DB /* FifthViewController.swift in Sources */ = {isa = PBXBuildFile; fileRef = 5C8F477D1E4071BB004551DB /* FifthViewController.swift */; };
		5C8F47801E4071BB004551DB /* FifthViewController.xib in Resources */ = {isa = PBXBuildFile; fileRef = 5C8F477E1E4071BB004551DB /* FifthViewController.xib */; };
		5C8F47841E4076F7004551DB /* TabViewController1.swift in Sources */ = {isa = PBXBuildFile; fileRef = 5C8F47821E4076F7004551DB /* TabViewController1.swift */; };
		5C8F47851E4076F7004551DB /* TabViewController1.xib in Resources */ = {isa = PBXBuildFile; fileRef = 5C8F47831E4076F7004551DB /* TabViewController1.xib */; };
		5C8F47881E407707004551DB /* TabViewController2.swift in Sources */ = {isa = PBXBuildFile; fileRef = 5C8F47861E407707004551DB /* TabViewController2.swift */; };
		5C8F47891E407707004551DB /* TabViewController2.xib in Resources */ = {isa = PBXBuildFile; fileRef = 5C8F47871E407707004551DB /* TabViewController2.xib */; };
		5CA03A7A1E3F3FAE00755207 /* ViewCell.swift in Sources */ = {isa = PBXBuildFile; fileRef = 5CA03A781E3F3FAE00755207 /* ViewCell.swift */; };
		5CA03A7B1E3F3FAE00755207 /* ViewCell.xib in Resources */ = {isa = PBXBuildFile; fileRef = 5CA03A791E3F3FAE00755207 /* ViewCell.xib */; };
		5CA03A7F1E3F6AB100755207 /* myFile.txt in Resources */ = {isa = PBXBuildFile; fileRef = 5CA03A7E1E3F6AB100755207 /* myFile.txt */; };
		5CD74A1E1E3CC739003C68C1 /* CollectionViewCell.swift in Sources */ = {isa = PBXBuildFile; fileRef = 5CD74A1C1E3CC739003C68C1 /* CollectionViewCell.swift */; };
		5CD74A1F1E3CC739003C68C1 /* CollectionViewCell.xib in Resources */ = {isa = PBXBuildFile; fileRef = 5CD74A1D1E3CC739003C68C1 /* CollectionViewCell.xib */; };
		5CE400451E4C2F2200AE4D8C /* SeventhViewController.swift in Sources */ = {isa = PBXBuildFile; fileRef = 5CE400431E4C2F2200AE4D8C /* SeventhViewController.swift */; };
		5CE400461E4C2F2200AE4D8C /* SeventhViewController.xib in Resources */ = {isa = PBXBuildFile; fileRef = 5CE400441E4C2F2200AE4D8C /* SeventhViewController.xib */; };
		5CFC00F61E4B3B3F00DAB510 /* Animation.swift in Sources */ = {isa = PBXBuildFile; fileRef = 5CFC00F41E4B3B3F00DAB510 /* Animation.swift */; };
		5CFC00F71E4B3B3F00DAB510 /* Animation.xib in Resources */ = {isa = PBXBuildFile; fileRef = 5CFC00F51E4B3B3F00DAB510 /* Animation.xib */; };
/* End PBXBuildFile section */

/* Begin PBXContainerItemProxy section */
		5C4A62B91E388F3C000B36C3 /* PBXContainerItemProxy */ = {
			isa = PBXContainerItemProxy;
			containerPortal = 5C4A629C1E388F3A000B36C3 /* Project object */;
			proxyType = 1;
			remoteGlobalIDString = 5C4A62A31E388F3A000B36C3;
			remoteInfo = sampleproject;
		};
		5C4A62C41E388F3C000B36C3 /* PBXContainerItemProxy */ = {
			isa = PBXContainerItemProxy;
			containerPortal = 5C4A629C1E388F3A000B36C3 /* Project object */;
			proxyType = 1;
			remoteGlobalIDString = 5C4A62A31E388F3A000B36C3;
			remoteInfo = sampleproject;
		};
/* End PBXContainerItemProxy section */

/* Begin PBXFileReference section */
		5C0349BD1E52CC6100C990DB /* ShareData.swift */ = {isa = PBXFileReference; fileEncoding = 4; lastKnownFileType = sourcecode.swift; path = ShareData.swift; sourceTree = "<group>"; };
		5C0349BF1E52D84500C990DB /* WebViewController.swift */ = {isa = PBXFileReference; fileEncoding = 4; lastKnownFileType = sourcecode.swift; path = WebViewController.swift; sourceTree = "<group>"; };
		5C0349C01E52D84500C990DB /* WebViewController.xib */ = {isa = PBXFileReference; fileEncoding = 4; lastKnownFileType = file.xib; path = WebViewController.xib; sourceTree = "<group>"; };
		5C08C9CE1E48503C008B957D /* SampleViewController.swift */ = {isa = PBXFileReference; fileEncoding = 4; lastKnownFileType = sourcecode.swift; path = SampleViewController.swift; sourceTree = "<group>"; };
		5C08C9CF1E48503C008B957D /* SampleViewController.xib */ = {isa = PBXFileReference; fileEncoding = 4; lastKnownFileType = file.xib; path = SampleViewController.xib; sourceTree = "<group>"; };
		5C08C9E01E487C01008B957D /* ViewCell2.swift */ = {isa = PBXFileReference; fileEncoding = 4; lastKnownFileType = sourcecode.swift; path = ViewCell2.swift; sourceTree = "<group>"; };
		5C08C9E11E487C01008B957D /* ViewCell2.xib */ = {isa = PBXFileReference; fileEncoding = 4; lastKnownFileType = file.xib; path = ViewCell2.xib; sourceTree = "<group>"; };
		5C08C9E51E487E1A008B957D /* ViewCell3.swift */ = {isa = PBXFileReference; fileEncoding = 4; lastKnownFileType = sourcecode.swift; path = ViewCell3.swift; sourceTree = "<group>"; };
		5C08C9E91E48839D008B957D /* ViewCell3.xib */ = {isa = PBXFileReference; fileEncoding = 4; lastKnownFileType = file.xib; path = ViewCell3.xib; sourceTree = "<group>"; };
		5C08C9EF1E4896E1008B957D /* MasterViewController.swift */ = {isa = PBXFileReference; fileEncoding = 4; lastKnownFileType = sourcecode.swift; path = MasterViewController.swift; sourceTree = "<group>"; };
		5C08C9F01E4896E1008B957D /* MasterViewController.xib */ = {isa = PBXFileReference; fileEncoding = 4; lastKnownFileType = file.xib; path = MasterViewController.xib; sourceTree = "<group>"; };
		5C08C9F51E489882008B957D /* ViewCell4.swift */ = {isa = PBXFileReference; fileEncoding = 4; lastKnownFileType = sourcecode.swift; path = ViewCell4.swift; sourceTree = "<group>"; };
		5C08C9F61E489882008B957D /* ViewCell4.xib */ = {isa = PBXFileReference; fileEncoding = 4; lastKnownFileType = file.xib; path = ViewCell4.xib; sourceTree = "<group>"; };
		5C08C9F91E489A85008B957D /* DetailViewController.swift */ = {isa = PBXFileReference; fileEncoding = 4; lastKnownFileType = sourcecode.swift; path = DetailViewController.swift; sourceTree = "<group>"; };
		5C08C9FA1E489A85008B957D /* DetailViewController.xib */ = {isa = PBXFileReference; fileEncoding = 4; lastKnownFileType = file.xib; path = DetailViewController.xib; sourceTree = "<group>"; };
		5C28A4781E444EB300152411 /* SixthViewController.swift */ = {isa = PBXFileReference; fileEncoding = 4; lastKnownFileType = sourcecode.swift; path = SixthViewController.swift; sourceTree = "<group>"; };
		5C28A4791E444EB300152411 /* SixthViewController.xib */ = {isa = PBXFileReference; fileEncoding = 4; lastKnownFileType = file.xib; path = SixthViewController.xib; sourceTree = "<group>"; };
		5C28A47C1E444F8100152411 /* InstructionView.swift */ = {isa = PBXFileReference; fileEncoding = 4; lastKnownFileType = sourcecode.swift; path = InstructionView.swift; sourceTree = "<group>"; };
		5C28A47D1E444F8100152411 /* InstructionView.xib */ = {isa = PBXFileReference; fileEncoding = 4; lastKnownFileType = file.xib; path = InstructionView.xib; sourceTree = "<group>"; };
		5C2CBF701E459DFA002CB43B /* 1.txt */ = {isa = PBXFileReference; fileEncoding = 4; lastKnownFileType = text; path = 1.txt; sourceTree = "<group>"; };
		5C44B8201E54203D002EFD33 /* SwiftyJSON.swift */ = {isa = PBXFileReference; fileEncoding = 4; lastKnownFileType = sourcecode.swift; name = SwiftyJSON.swift; path = "../../../../Downloads/SwiftyJSON-master/Source/SwiftyJSON.swift"; sourceTree = "<group>"; };
		5C44B8221E542232002EFD33 /* AlamJsonController.swift */ = {isa = PBXFileReference; fileEncoding = 4; lastKnownFileType = sourcecode.swift; path = AlamJsonController.swift; sourceTree = "<group>"; };
		5C44B8231E542232002EFD33 /* AlamJsonController.xib */ = {isa = PBXFileReference; fileEncoding = 4; lastKnownFileType = file.xib; path = AlamJsonController.xib; sourceTree = "<group>"; };
		5C44B8771E542CE7002EFD33 /* AFError.swift */ = {isa = PBXFileReference; fileEncoding = 4; lastKnownFileType = sourcecode.swift; path = AFError.swift; sourceTree = "<group>"; };
		5C44B8781E542CE7002EFD33 /* Alamofire.h */ = {isa = PBXFileReference; fileEncoding = 4; lastKnownFileType = sourcecode.c.h; path = Alamofire.h; sourceTree = "<group>"; };
		5C44B8791E542CE7002EFD33 /* Alamofire.swift */ = {isa = PBXFileReference; fileEncoding = 4; lastKnownFileType = sourcecode.swift; path = Alamofire.swift; sourceTree = "<group>"; };
		5C44B87A1E542CE7002EFD33 /* DispatchQueue+Alamofire.swift */ = {isa = PBXFileReference; fileEncoding = 4; lastKnownFileType = sourcecode.swift; path = "DispatchQueue+Alamofire.swift"; sourceTree = "<group>"; };
		5C44B87B1E542CE7002EFD33 /* Info-tvOS.plist */ = {isa = PBXFileReference; fileEncoding = 4; lastKnownFileType = text.plist.xml; path = "Info-tvOS.plist"; sourceTree = "<group>"; };
		5C44B87C1E542CE7002EFD33 /* Info.plist */ = {isa = PBXFileReference; fileEncoding = 4; lastKnownFileType = text.plist.xml; path = Info.plist; sourceTree = "<group>"; };
		5C44B87D1E542CE7002EFD33 /* MultipartFormData.swift */ = {isa = PBXFileReference; fileEncoding = 4; lastKnownFileType = sourcecode.swift; path = MultipartFormData.swift; sourceTree = "<group>"; };
		5C44B87E1E542CE7002EFD33 /* NetworkReachabilityManager.swift */ = {isa = PBXFileReference; fileEncoding = 4; lastKnownFileType = sourcecode.swift; path = NetworkReachabilityManager.swift; sourceTree = "<group>"; };
		5C44B87F1E542CE7002EFD33 /* Notifications.swift */ = {isa = PBXFileReference; fileEncoding = 4; lastKnownFileType = sourcecode.swift; path = Notifications.swift; sourceTree = "<group>"; };
		5C44B8801E542CE7002EFD33 /* ParameterEncoding.swift */ = {isa = PBXFileReference; fileEncoding = 4; lastKnownFileType = sourcecode.swift; path = ParameterEncoding.swift; sourceTree = "<group>"; };
		5C44B8811E542CE7002EFD33 /* Request.swift */ = {isa = PBXFileReference; fileEncoding = 4; lastKnownFileType = sourcecode.swift; path = Request.swift; sourceTree = "<group>"; };
		5C44B8821E542CE7002EFD33 /* Response.swift */ = {isa = PBXFileReference; fileEncoding = 4; lastKnownFileType = sourcecode.swift; path = Response.swift; sourceTree = "<group>"; };
		5C44B8831E542CE7002EFD33 /* ResponseSerialization.swift */ = {isa = PBXFileReference; fileEncoding = 4; lastKnownFileType = sourcecode.swift; path = ResponseSerialization.swift; sourceTree = "<group>"; };
		5C44B8841E542CE7002EFD33 /* Result.swift */ = {isa = PBXFileReference; fileEncoding = 4; lastKnownFileType = sourcecode.swift; path = Result.swift; sourceTree = "<group>"; };
		5C44B8851E542CE7002EFD33 /* ServerTrustPolicy.swift */ = {isa = PBXFileReference; fileEncoding = 4; lastKnownFileType = sourcecode.swift; path = ServerTrustPolicy.swift; sourceTree = "<group>"; };
		5C44B8861E542CE7002EFD33 /* SessionDelegate.swift */ = {isa = PBXFileReference; fileEncoding = 4; lastKnownFileType = sourcecode.swift; path = SessionDelegate.swift; sourceTree = "<group>"; };
		5C44B8871E542CE7002EFD33 /* SessionManager.swift */ = {isa = PBXFileReference; fileEncoding = 4; lastKnownFileType = sourcecode.swift; path = SessionManager.swift; sourceTree = "<group>"; };
		5C44B8881E542CE7002EFD33 /* TaskDelegate.swift */ = {isa = PBXFileReference; fileEncoding = 4; lastKnownFileType = sourcecode.swift; path = TaskDelegate.swift; sourceTree = "<group>"; };
		5C44B8891E542CE7002EFD33 /* Timeline.swift */ = {isa = PBXFileReference; fileEncoding = 4; lastKnownFileType = sourcecode.swift; path = Timeline.swift; sourceTree = "<group>"; };
		5C44B88A1E542CE7002EFD33 /* Validation.swift */ = {isa = PBXFileReference; fileEncoding = 4; lastKnownFileType = sourcecode.swift; path = Validation.swift; sourceTree = "<group>"; };
		5C44B89F1E546289002EFD33 /* Station.swift */ = {isa = PBXFileReference; fileEncoding = 4; lastKnownFileType = sourcecode.swift; path = Station.swift; sourceTree = "<group>"; };
		5C44B8A01E546289002EFD33 /* stations.plist */ = {isa = PBXFileReference; fileEncoding = 4; lastKnownFileType = text.plist.xml; path = stations.plist; sourceTree = "<group>"; };
		5C4A62A41E388F3B000B36C3 /* sampleproject.app */ = {isa = PBXFileReference; explicitFileType = wrapper.application; includeInIndex = 0; path = sampleproject.app; sourceTree = BUILT_PRODUCTS_DIR; };
		5C4A62A71E388F3B000B36C3 /* AppDelegate.swift */ = {isa = PBXFileReference; lastKnownFileType = sourcecode.swift; path = AppDelegate.swift; sourceTree = "<group>"; };
		5C4A62A91E388F3B000B36C3 /* ViewController.swift */ = {isa = PBXFileReference; lastKnownFileType = sourcecode.swift; path = ViewController.swift; sourceTree = "<group>"; };
		5C4A62AC1E388F3B000B36C3 /* Base */ = {isa = PBXFileReference; lastKnownFileType = file.storyboard; name = Base; path = Base.lproj/Main.storyboard; sourceTree = "<group>"; };
		5C4A62AE1E388F3B000B36C3 /* Assets.xcassets */ = {isa = PBXFileReference; lastKnownFileType = folder.assetcatalog; path = Assets.xcassets; sourceTree = "<group>"; };
		5C4A62B11E388F3B000B36C3 /* Base */ = {isa = PBXFileReference; lastKnownFileType = file.storyboard; name = Base; path = Base.lproj/LaunchScreen.storyboard; sourceTree = "<group>"; };
		5C4A62B31E388F3B000B36C3 /* Info.plist */ = {isa = PBXFileReference; lastKnownFileType = text.plist.xml; path = Info.plist; sourceTree = "<group>"; };
		5C4A62B81E388F3C000B36C3 /* sampleprojectTests.xctest */ = {isa = PBXFileReference; explicitFileType = wrapper.cfbundle; includeInIndex = 0; path = sampleprojectTests.xctest; sourceTree = BUILT_PRODUCTS_DIR; };
		5C4A62BC1E388F3C000B36C3 /* sampleprojectTests.swift */ = {isa = PBXFileReference; lastKnownFileType = sourcecode.swift; path = sampleprojectTests.swift; sourceTree = "<group>"; };
		5C4A62BE1E388F3C000B36C3 /* Info.plist */ = {isa = PBXFileReference; lastKnownFileType = text.plist.xml; path = Info.plist; sourceTree = "<group>"; };
		5C4A62C31E388F3C000B36C3 /* sampleprojectUITests.xctest */ = {isa = PBXFileReference; explicitFileType = wrapper.cfbundle; includeInIndex = 0; path = sampleprojectUITests.xctest; sourceTree = BUILT_PRODUCTS_DIR; };
		5C4A62C71E388F3C000B36C3 /* sampleprojectUITests.swift */ = {isa = PBXFileReference; lastKnownFileType = sourcecode.swift; path = sampleprojectUITests.swift; sourceTree = "<group>"; };
		5C4A62C91E388F3C000B36C3 /* Info.plist */ = {isa = PBXFileReference; lastKnownFileType = text.plist.xml; path = Info.plist; sourceTree = "<group>"; };
		5C4A62D51E3891DD000B36C3 /* View.xib */ = {isa = PBXFileReference; fileEncoding = 4; lastKnownFileType = file.xib; path = View.xib; sourceTree = "<group>"; };
		5C557BF11E38B59100EA4690 /* SecondViewController.swift */ = {isa = PBXFileReference; fileEncoding = 4; lastKnownFileType = sourcecode.swift; path = SecondViewController.swift; sourceTree = "<group>"; };
		5C557BF21E38B59100EA4690 /* SecondViewController.xib */ = {isa = PBXFileReference; fileEncoding = 4; lastKnownFileType = file.xib; path = SecondViewController.xib; sourceTree = "<group>"; };
		5C557BF51E38B7CB00EA4690 /* ThirdViewController.swift */ = {isa = PBXFileReference; fileEncoding = 4; lastKnownFileType = sourcecode.swift; path = ThirdViewController.swift; sourceTree = "<group>"; };
		5C557BF61E38B7CB00EA4690 /* ThirdViewController.xib */ = {isa = PBXFileReference; fileEncoding = 4; lastKnownFileType = file.xib; path = ThirdViewController.xib; sourceTree = "<group>"; };
		5C68FE001E45BFBE00BDE7C2 /* 2.txt */ = {isa = PBXFileReference; fileEncoding = 4; lastKnownFileType = text; path = 2.txt; sourceTree = "<group>"; };
		5C6FB9191E4DC7A50007CCEF /* Model.xcdatamodel */ = {isa = PBXFileReference; lastKnownFileType = wrapper.xcdatamodel; path = Model.xcdatamodel; sourceTree = "<group>"; };
		5C77E4291E5174DF00E06DF2 /* CoreDataViewController.swift */ = {isa = PBXFileReference; fileEncoding = 4; lastKnownFileType = sourcecode.swift; path = CoreDataViewController.swift; sourceTree = "<group>"; };
		5C77E42A1E5174DF00E06DF2 /* CoreDataViewController.xib */ = {isa = PBXFileReference; fileEncoding = 4; lastKnownFileType = file.xib; path = CoreDataViewController.xib; sourceTree = "<group>"; };
		5C77E42D1E51767B00E06DF2 /* CoreDataConnection.swift */ = {isa = PBXFileReference; fileEncoding = 4; lastKnownFileType = sourcecode.swift; path = CoreDataConnection.swift; sourceTree = "<group>"; };
		5C8F47721E405105004551DB /* FourthViewController.swift */ = {isa = PBXFileReference; fileEncoding = 4; lastKnownFileType = sourcecode.swift; path = FourthViewController.swift; sourceTree = "<group>"; };
		5C8F47731E405105004551DB /* FourthViewController.xib */ = {isa = PBXFileReference; fileEncoding = 4; lastKnownFileType = file.xib; path = FourthViewController.xib; sourceTree = "<group>"; };
		5C8F47771E4054A6004551DB /* ViewCell1.swift */ = {isa = PBXFileReference; fileEncoding = 4; lastKnownFileType = sourcecode.swift; path = ViewCell1.swift; sourceTree = "<group>"; };
		5C8F47781E4054A7004551DB /* ViewCell1.xib */ = {isa = PBXFileReference; fileEncoding = 4; lastKnownFileType = file.xib; path = ViewCell1.xib; sourceTree = "<group>"; };
		5C8F477B1E405752004551DB /* 1.json */ = {isa = PBXFileReference; fileEncoding = 4; lastKnownFileType = text.json; path = 1.json; sourceTree = "<group>"; };
		5C8F477D1E4071BB004551DB /* FifthViewController.swift */ = {isa = PBXFileReference; fileEncoding = 4; lastKnownFileType = sourcecode.swift; path = FifthViewController.swift; sourceTree = "<group>"; };
		5C8F477E1E4071BB004551DB /* FifthViewController.xib */ = {isa = PBXFileReference; fileEncoding = 4; lastKnownFileType = file.xib; path = FifthViewController.xib; sourceTree = "<group>"; };
		5C8F47821E4076F7004551DB /* TabViewController1.swift */ = {isa = PBXFileReference; fileEncoding = 4; lastKnownFileType = sourcecode.swift; path = TabViewController1.swift; sourceTree = "<group>"; };
		5C8F47831E4076F7004551DB /* TabViewController1.xib */ = {isa = PBXFileReference; fileEncoding = 4; lastKnownFileType = file.xib; path = TabViewController1.xib; sourceTree = "<group>"; };
		5C8F47861E407707004551DB /* TabViewController2.swift */ = {isa = PBXFileReference; fileEncoding = 4; lastKnownFileType = sourcecode.swift; path = TabViewController2.swift; sourceTree = "<group>"; };
		5C8F47871E407707004551DB /* TabViewController2.xib */ = {isa = PBXFileReference; fileEncoding = 4; lastKnownFileType = file.xib; path = TabViewController2.xib; sourceTree = "<group>"; };
		5CA03A781E3F3FAE00755207 /* ViewCell.swift */ = {isa = PBXFileReference; fileEncoding = 4; lastKnownFileType = sourcecode.swift; path = ViewCell.swift; sourceTree = "<group>"; };
		5CA03A791E3F3FAE00755207 /* ViewCell.xib */ = {isa = PBXFileReference; fileEncoding = 4; lastKnownFileType = file.xib; path = ViewCell.xib; sourceTree = "<group>"; };
		5CA03A7E1E3F6AB100755207 /* myFile.txt */ = {isa = PBXFileReference; fileEncoding = 4; lastKnownFileType = text; path = myFile.txt; sourceTree = "<group>"; };
		5CD74A1C1E3CC739003C68C1 /* CollectionViewCell.swift */ = {isa = PBXFileReference; fileEncoding = 4; lastKnownFileType = sourcecode.swift; path = CollectionViewCell.swift; sourceTree = "<group>"; };
		5CD74A1D1E3CC739003C68C1 /* CollectionViewCell.xib */ = {isa = PBXFileReference; fileEncoding = 4; lastKnownFileType = file.xib; path = CollectionViewCell.xib; sourceTree = "<group>"; };
		5CE400431E4C2F2200AE4D8C /* SeventhViewController.swift */ = {isa = PBXFileReference; fileEncoding = 4; lastKnownFileType = sourcecode.swift; path = SeventhViewController.swift; sourceTree = "<group>"; };
		5CE400441E4C2F2200AE4D8C /* SeventhViewController.xib */ = {isa = PBXFileReference; fileEncoding = 4; lastKnownFileType = file.xib; path = SeventhViewController.xib; sourceTree = "<group>"; };
		5CFC00F41E4B3B3F00DAB510 /* Animation.swift */ = {isa = PBXFileReference; fileEncoding = 4; lastKnownFileType = sourcecode.swift; path = Animation.swift; sourceTree = "<group>"; };
		5CFC00F51E4B3B3F00DAB510 /* Animation.xib */ = {isa = PBXFileReference; fileEncoding = 4; lastKnownFileType = file.xib; path = Animation.xib; sourceTree = "<group>"; };
/* End PBXFileReference section */

/* Begin PBXFrameworksBuildPhase section */
		5C4A62A11E388F3A000B36C3 /* Frameworks */ = {
			isa = PBXFrameworksBuildPhase;
			buildActionMask = 2147483647;
			files = (
			);
			runOnlyForDeploymentPostprocessing = 0;
		};
		5C4A62B51E388F3C000B36C3 /* Frameworks */ = {
			isa = PBXFrameworksBuildPhase;
			buildActionMask = 2147483647;
			files = (
			);
			runOnlyForDeploymentPostprocessing = 0;
		};
		5C4A62C01E388F3C000B36C3 /* Frameworks */ = {
			isa = PBXFrameworksBuildPhase;
			buildActionMask = 2147483647;
			files = (
			);
			runOnlyForDeploymentPostprocessing = 0;
		};
/* End PBXFrameworksBuildPhase section */

/* Begin PBXGroup section */
		5C08C9D71E48599A008B957D /* Cell2 */ = {
			isa = PBXGroup;
			children = (
				5C08C9E01E487C01008B957D /* ViewCell2.swift */,
				5C08C9E11E487C01008B957D /* ViewCell2.xib */,
			);
			name = Cell2;
			sourceTree = "<group>";
		};
		5C08C9E41E487E07008B957D /* Cell3 */ = {
			isa = PBXGroup;
			children = (
				5C08C9E51E487E1A008B957D /* ViewCell3.swift */,
				5C08C9E91E48839D008B957D /* ViewCell3.xib */,
			);
			name = Cell3;
			sourceTree = "<group>";
		};
		5C08C9F31E489717008B957D /* Controllers */ = {
			isa = PBXGroup;
			children = (
				5C44B8201E54203D002EFD33 /* SwiftyJSON.swift */,
				5C28A4781E444EB300152411 /* SixthViewController.swift */,
				5C28A4791E444EB300152411 /* SixthViewController.xib */,
				5C557BF11E38B59100EA4690 /* SecondViewController.swift */,
				5C557BF21E38B59100EA4690 /* SecondViewController.xib */,
				5C557BF51E38B7CB00EA4690 /* ThirdViewController.swift */,
				5C557BF61E38B7CB00EA4690 /* ThirdViewController.xib */,
				5CD74A1C1E3CC739003C68C1 /* CollectionViewCell.swift */,
				5CD74A1D1E3CC739003C68C1 /* CollectionViewCell.xib */,
				5C8F47721E405105004551DB /* FourthViewController.swift */,
				5C8F47731E405105004551DB /* FourthViewController.xib */,
				5C8F477D1E4071BB004551DB /* FifthViewController.swift */,
				5C8F477E1E4071BB004551DB /* FifthViewController.xib */,
				5C28A47C1E444F8100152411 /* InstructionView.swift */,
				5C28A47D1E444F8100152411 /* InstructionView.xib */,
				5C08C9CE1E48503C008B957D /* SampleViewController.swift */,
				5C08C9CF1E48503C008B957D /* SampleViewController.xib */,
				5C08C9EF1E4896E1008B957D /* MasterViewController.swift */,
				5C08C9F01E4896E1008B957D /* MasterViewController.xib */,
				5C08C9F91E489A85008B957D /* DetailViewController.swift */,
				5C08C9FA1E489A85008B957D /* DetailViewController.xib */,
				5C4A62A71E388F3B000B36C3 /* AppDelegate.swift */,
				5C6FB9181E4DC7A50007CCEF /* Model.xcdatamodeld */,
				5C4A62A91E388F3B000B36C3 /* ViewController.swift */,
				5C4A62D51E3891DD000B36C3 /* View.xib */,
				5CFC00F41E4B3B3F00DAB510 /* Animation.swift */,
				5CFC00F51E4B3B3F00DAB510 /* Animation.xib */,
				5CE400431E4C2F2200AE4D8C /* SeventhViewController.swift */,
				5CE400441E4C2F2200AE4D8C /* SeventhViewController.xib */,
				5C77E4291E5174DF00E06DF2 /* CoreDataViewController.swift */,
				5C77E42A1E5174DF00E06DF2 /* CoreDataViewController.xib */,
				5C77E42D1E51767B00E06DF2 /* CoreDataConnection.swift */,
				5C0349BD1E52CC6100C990DB /* ShareData.swift */,
				5C0349BF1E52D84500C990DB /* WebViewController.swift */,
				5C0349C01E52D84500C990DB /* WebViewController.xib */,
				5C44B8221E542232002EFD33 /* AlamJsonController.swift */,
				5C44B8231E542232002EFD33 /* AlamJsonController.xib */,
			);
			name = Controllers;
			sourceTree = "<group>";
		};
		5C08C9F41E48986C008B957D /* Cell4 */ = {
			isa = PBXGroup;
			children = (
				5C08C9F51E489882008B957D /* ViewCell4.swift */,
				5C08C9F61E489882008B957D /* ViewCell4.xib */,
			);
			name = Cell4;
			sourceTree = "<group>";
		};
		5C44B8761E542CE7002EFD33 /* Source */ = {
			isa = PBXGroup;
			children = (
				5C44B8771E542CE7002EFD33 /* AFError.swift */,
				5C44B8781E542CE7002EFD33 /* Alamofire.h */,
				5C44B8791E542CE7002EFD33 /* Alamofire.swift */,
				5C44B87A1E542CE7002EFD33 /* DispatchQueue+Alamofire.swift */,
				5C44B87B1E542CE7002EFD33 /* Info-tvOS.plist */,
				5C44B87C1E542CE7002EFD33 /* Info.plist */,
				5C44B87D1E542CE7002EFD33 /* MultipartFormData.swift */,
				5C44B87E1E542CE7002EFD33 /* NetworkReachabilityManager.swift */,
				5C44B87F1E542CE7002EFD33 /* Notifications.swift */,
				5C44B8801E542CE7002EFD33 /* ParameterEncoding.swift */,
				5C44B8811E542CE7002EFD33 /* Request.swift */,
				5C44B8821E542CE7002EFD33 /* Response.swift */,
				5C44B8831E542CE7002EFD33 /* ResponseSerialization.swift */,
				5C44B8841E542CE7002EFD33 /* Result.swift */,
				5C44B8851E542CE7002EFD33 /* ServerTrustPolicy.swift */,
				5C44B8861E542CE7002EFD33 /* SessionDelegate.swift */,
				5C44B8871E542CE7002EFD33 /* SessionManager.swift */,
				5C44B8881E542CE7002EFD33 /* TaskDelegate.swift */,
				5C44B8891E542CE7002EFD33 /* Timeline.swift */,
				5C44B88A1E542CE7002EFD33 /* Validation.swift */,
			);
			path = Source;
			sourceTree = "<group>";
		};
		5C4A629B1E388F3A000B36C3 = {
			isa = PBXGroup;
			children = (
				5C4A62A61E388F3B000B36C3 /* sampleproject */,
				5C4A62BB1E388F3C000B36C3 /* sampleprojectTests */,
				5C4A62C61E388F3C000B36C3 /* sampleprojectUITests */,
				5C4A62A51E388F3B000B36C3 /* Products */,
			);
			sourceTree = "<group>";
		};
		5C4A62A51E388F3B000B36C3 /* Products */ = {
			isa = PBXGroup;
			children = (
				5C4A62A41E388F3B000B36C3 /* sampleproject.app */,
				5C4A62B81E388F3C000B36C3 /* sampleprojectTests.xctest */,
				5C4A62C31E388F3C000B36C3 /* sampleprojectUITests.xctest */,
			);
			name = Products;
			sourceTree = "<group>";
		};
		5C4A62A61E388F3B000B36C3 /* sampleproject */ = {
			isa = PBXGroup;
			children = (
				5C44B8761E542CE7002EFD33 /* Source */,
				5CFC00F31E4B3ACD00DAB510 /* Cells */,
				5C08C9F31E489717008B957D /* Controllers */,
				5C2CBF701E459DFA002CB43B /* 1.txt */,
				5CA03A7E1E3F6AB100755207 /* myFile.txt */,
				5C8F47811E4076D3004551DB /* TabViewControllers */,
				5C4A62AB1E388F3B000B36C3 /* Main.storyboard */,
				5C4A62AE1E388F3B000B36C3 /* Assets.xcassets */,
				5C4A62B01E388F3B000B36C3 /* LaunchScreen.storyboard */,
				5C4A62B31E388F3B000B36C3 /* Info.plist */,
				5C8F477B1E405752004551DB /* 1.json */,
			);
			path = sampleproject;
			sourceTree = "<group>";
		};
		5C4A62BB1E388F3C000B36C3 /* sampleprojectTests */ = {
			isa = PBXGroup;
			children = (
				5C4A62BC1E388F3C000B36C3 /* sampleprojectTests.swift */,
				5C4A62BE1E388F3C000B36C3 /* Info.plist */,
			);
			path = sampleprojectTests;
			sourceTree = "<group>";
		};
		5C4A62C61E388F3C000B36C3 /* sampleprojectUITests */ = {
			isa = PBXGroup;
			children = (
				5C4A62C71E388F3C000B36C3 /* sampleprojectUITests.swift */,
				5C4A62C91E388F3C000B36C3 /* Info.plist */,
			);
			path = sampleprojectUITests;
			sourceTree = "<group>";
		};
		5C8F47761E40548A004551DB /* Cell1 */ = {
			isa = PBXGroup;
			children = (
				5C8F47771E4054A6004551DB /* ViewCell1.swift */,
				5C8F47781E4054A7004551DB /* ViewCell1.xib */,
			);
			name = Cell1;
			sourceTree = "<group>";
		};
		5C8F47811E4076D3004551DB /* TabViewControllers */ = {
			isa = PBXGroup;
			children = (
				5C68FE001E45BFBE00BDE7C2 /* 2.txt */,
				5C8F47821E4076F7004551DB /* TabViewController1.swift */,
				5C8F47831E4076F7004551DB /* TabViewController1.xib */,
				5C44B89F1E546289002EFD33 /* Station.swift */,
				5C44B8A01E546289002EFD33 /* stations.plist */,
				5C8F47861E407707004551DB /* TabViewController2.swift */,
				5C8F47871E407707004551DB /* TabViewController2.xib */,
			);
			name = TabViewControllers;
			sourceTree = "<group>";
		};
		5CA03A771E3F3F8100755207 /* Cell */ = {
			isa = PBXGroup;
			children = (
				5CA03A781E3F3FAE00755207 /* ViewCell.swift */,
				5CA03A791E3F3FAE00755207 /* ViewCell.xib */,
			);
			name = Cell;
			sourceTree = "<group>";
		};
		5CFC00F31E4B3ACD00DAB510 /* Cells */ = {
			isa = PBXGroup;
			children = (
				5C8F47761E40548A004551DB /* Cell1 */,
				5CA03A771E3F3F8100755207 /* Cell */,
				5C08C9F41E48986C008B957D /* Cell4 */,
				5C08C9E41E487E07008B957D /* Cell3 */,
				5C08C9D71E48599A008B957D /* Cell2 */,
			);
			name = Cells;
			sourceTree = "<group>";
		};
/* End PBXGroup section */

/* Begin PBXNativeTarget section */
		5C4A62A31E388F3A000B36C3 /* sampleproject */ = {
			isa = PBXNativeTarget;
			buildConfigurationList = 5C4A62CC1E388F3C000B36C3 /* Build configuration list for PBXNativeTarget "sampleproject" */;
			buildPhases = (
				5C4A62A01E388F3A000B36C3 /* Sources */,
				5C4A62A11E388F3A000B36C3 /* Frameworks */,
				5C4A62A21E388F3A000B36C3 /* Resources */,
			);
			buildRules = (
			);
			dependencies = (
			);
			name = sampleproject;
			productName = sampleproject;
			productReference = 5C4A62A41E388F3B000B36C3 /* sampleproject.app */;
			productType = "com.apple.product-type.application";
		};
		5C4A62B71E388F3C000B36C3 /* sampleprojectTests */ = {
			isa = PBXNativeTarget;
			buildConfigurationList = 5C4A62CF1E388F3C000B36C3 /* Build configuration list for PBXNativeTarget "sampleprojectTests" */;
			buildPhases = (
				5C4A62B41E388F3C000B36C3 /* Sources */,
				5C4A62B51E388F3C000B36C3 /* Frameworks */,
				5C4A62B61E388F3C000B36C3 /* Resources */,
			);
			buildRules = (
			);
			dependencies = (
				5C4A62BA1E388F3C000B36C3 /* PBXTargetDependency */,
			);
			name = sampleprojectTests;
			productName = sampleprojectTests;
			productReference = 5C4A62B81E388F3C000B36C3 /* sampleprojectTests.xctest */;
			productType = "com.apple.product-type.bundle.unit-test";
		};
		5C4A62C21E388F3C000B36C3 /* sampleprojectUITests */ = {
			isa = PBXNativeTarget;
			buildConfigurationList = 5C4A62D21E388F3C000B36C3 /* Build configuration list for PBXNativeTarget "sampleprojectUITests" */;
			buildPhases = (
				5C4A62BF1E388F3C000B36C3 /* Sources */,
				5C4A62C01E388F3C000B36C3 /* Frameworks */,
				5C4A62C11E388F3C000B36C3 /* Resources */,
			);
			buildRules = (
			);
			dependencies = (
				5C4A62C51E388F3C000B36C3 /* PBXTargetDependency */,
			);
			name = sampleprojectUITests;
			productName = sampleprojectUITests;
			productReference = 5C4A62C31E388F3C000B36C3 /* sampleprojectUITests.xctest */;
			productType = "com.apple.product-type.bundle.ui-testing";
		};
/* End PBXNativeTarget section */

/* Begin PBXProject section */
		5C4A629C1E388F3A000B36C3 /* Project object */ = {
			isa = PBXProject;
			attributes = {
				LastSwiftUpdateCheck = 0820;
				LastUpgradeCheck = 0820;
				ORGANIZATIONNAME = None;
				TargetAttributes = {
					5C4A62A31E388F3A000B36C3 = {
						CreatedOnToolsVersion = 8.2.1;
						ProvisioningStyle = Automatic;
					};
					5C4A62B71E388F3C000B36C3 = {
						CreatedOnToolsVersion = 8.2.1;
						ProvisioningStyle = Automatic;
						TestTargetID = 5C4A62A31E388F3A000B36C3;
					};
					5C4A62C21E388F3C000B36C3 = {
						CreatedOnToolsVersion = 8.2.1;
						ProvisioningStyle = Automatic;
						TestTargetID = 5C4A62A31E388F3A000B36C3;
					};
				};
			};
			buildConfigurationList = 5C4A629F1E388F3A000B36C3 /* Build configuration list for PBXProject "sampleproject" */;
			compatibilityVersion = "Xcode 3.2";
			developmentRegion = English;
			hasScannedForEncodings = 0;
			knownRegions = (
				en,
				Base,
			);
			mainGroup = 5C4A629B1E388F3A000B36C3;
			productRefGroup = 5C4A62A51E388F3B000B36C3 /* Products */;
			projectDirPath = "";
			projectRoot = "";
			targets = (
				5C4A62A31E388F3A000B36C3 /* sampleproject */,
				5C4A62B71E388F3C000B36C3 /* sampleprojectTests */,
				5C4A62C21E388F3C000B36C3 /* sampleprojectUITests */,
			);
		};
/* End PBXProject section */

/* Begin PBXResourcesBuildPhase section */
		5C4A62A21E388F3A000B36C3 /* Resources */ = {
			isa = PBXResourcesBuildPhase;
			buildActionMask = 2147483647;
			files = (
				5CA03A7B1E3F3FAE00755207 /* ViewCell.xib in Resources */,
				5C4A62D61E3891DD000B36C3 /* View.xib in Resources */,
				5C44B8251E542232002EFD33 /* AlamJsonController.xib in Resources */,
				5C8F47801E4071BB004551DB /* FifthViewController.xib in Resources */,
				5C8F47751E405105004551DB /* FourthViewController.xib in Resources */,
				5CD74A1F1E3CC739003C68C1 /* CollectionViewCell.xib in Resources */,
				5C0349C21E52D84500C990DB /* WebViewController.xib in Resources */,
				5C28A47F1E444F8100152411 /* InstructionView.xib in Resources */,
				5C2CBF711E459DFA002CB43B /* 1.txt in Resources */,
				5C4A62B21E388F3B000B36C3 /* LaunchScreen.storyboard in Resources */,
				5C557BF81E38B7CB00EA4690 /* ThirdViewController.xib in Resources */,
				5C28A47B1E444EB300152411 /* SixthViewController.xib in Resources */,
				5C8F477A1E4054A7004551DB /* ViewCell1.xib in Resources */,
				5C8F477C1E405752004551DB /* 1.json in Resources */,
				5CFC00F71E4B3B3F00DAB510 /* Animation.xib in Resources */,
				5C08C9FC1E489A85008B957D /* DetailViewController.xib in Resources */,
				5C44B88F1E542CE7002EFD33 /* Info.plist in Resources */,
				5C8F47891E407707004551DB /* TabViewController2.xib in Resources */,
				5C4A62AF1E388F3B000B36C3 /* Assets.xcassets in Resources */,
				5C08C9D11E48503C008B957D /* SampleViewController.xib in Resources */,
				5C08C9E31E487C01008B957D /* ViewCell2.xib in Resources */,
				5C08C9EA1E48839D008B957D /* ViewCell3.xib in Resources */,
				5CA03A7F1E3F6AB100755207 /* myFile.txt in Resources */,
				5C4A62AD1E388F3B000B36C3 /* Main.storyboard in Resources */,
				5C08C9F21E4896E1008B957D /* MasterViewController.xib in Resources */,
				5C44B88E1E542CE7002EFD33 /* Info-tvOS.plist in Resources */,
				5C68FE011E45BFBE00BDE7C2 /* 2.txt in Resources */,
				5C44B8A21E546289002EFD33 /* stations.plist in Resources */,
				5CE400461E4C2F2200AE4D8C /* SeventhViewController.xib in Resources */,
				5C08C9F81E489882008B957D /* ViewCell4.xib in Resources */,
				5C77E42C1E5174DF00E06DF2 /* CoreDataViewController.xib in Resources */,
				5C8F47851E4076F7004551DB /* TabViewController1.xib in Resources */,
				5C557BF41E38B59100EA4690 /* SecondViewController.xib in Resources */,
			);
			runOnlyForDeploymentPostprocessing = 0;
		};
		5C4A62B61E388F3C000B36C3 /* Resources */ = {
			isa = PBXResourcesBuildPhase;
			buildActionMask = 2147483647;
			files = (
			);
			runOnlyForDeploymentPostprocessing = 0;
		};
		5C4A62C11E388F3C000B36C3 /* Resources */ = {
			isa = PBXResourcesBuildPhase;
			buildActionMask = 2147483647;
			files = (
			);
			runOnlyForDeploymentPostprocessing = 0;
		};
/* End PBXResourcesBuildPhase section */

/* Begin PBXSourcesBuildPhase section */
		5C4A62A01E388F3A000B36C3 /* Sources */ = {
			isa = PBXSourcesBuildPhase;
			buildActionMask = 2147483647;
			files = (
				5C8F477F1E4071BB004551DB /* FifthViewController.swift in Sources */,
				5C8F47881E407707004551DB /* TabViewController2.swift in Sources */,
				5C44B89B1E542CE7002EFD33 /* TaskDelegate.swift in Sources */,
				5C44B8901E542CE7002EFD33 /* MultipartFormData.swift in Sources */,
				5C28A47E1E444F8100152411 /* InstructionView.swift in Sources */,
				5CA03A7A1E3F3FAE00755207 /* ViewCell.swift in Sources */,
				5C44B8951E542CE7002EFD33 /* Response.swift in Sources */,
				5CD74A1E1E3CC739003C68C1 /* CollectionViewCell.swift in Sources */,
				5CE400451E4C2F2200AE4D8C /* SeventhViewController.swift in Sources */,
				5C44B8931E542CE7002EFD33 /* ParameterEncoding.swift in Sources */,
				5C44B8911E542CE7002EFD33 /* NetworkReachabilityManager.swift in Sources */,
				5C44B88C1E542CE7002EFD33 /* Alamofire.swift in Sources */,
				5C557BF31E38B59100EA4690 /* SecondViewController.swift in Sources */,
				5C44B89D1E542CE7002EFD33 /* Validation.swift in Sources */,
				5C08C9D01E48503C008B957D /* SampleViewController.swift in Sources */,
				5C8F47741E405105004551DB /* FourthViewController.swift in Sources */,
				5C6FB91A1E4DC7A50007CCEF /* Model.xcdatamodeld in Sources */,
				5C44B88D1E542CE7002EFD33 /* DispatchQueue+Alamofire.swift in Sources */,
				5C08C9E71E487E1A008B957D /* ViewCell3.swift in Sources */,
				5C0349C11E52D84500C990DB /* WebViewController.swift in Sources */,
				5C4A62AA1E388F3B000B36C3 /* ViewController.swift in Sources */,
				5C08C9FB1E489A85008B957D /* DetailViewController.swift in Sources */,
				5C44B89A1E542CE7002EFD33 /* SessionManager.swift in Sources */,
				5C28A47A1E444EB300152411 /* SixthViewController.swift in Sources */,
				5C44B8211E54203D002EFD33 /* SwiftyJSON.swift in Sources */,
				5C8F47841E4076F7004551DB /* TabViewController1.swift in Sources */,
				5C557BF71E38B7CB00EA4690 /* ThirdViewController.swift in Sources */,
				5C44B88B1E542CE7002EFD33 /* AFError.swift in Sources */,
				5C08C9F71E489882008B957D /* ViewCell4.swift in Sources */,
				5C44B8941E542CE7002EFD33 /* Request.swift in Sources */,
				5C44B8981E542CE7002EFD33 /* ServerTrustPolicy.swift in Sources */,
				5C44B8971E542CE7002EFD33 /* Result.swift in Sources */,
				5C08C9F11E4896E1008B957D /* MasterViewController.swift in Sources */,
				5C44B89C1E542CE7002EFD33 /* Timeline.swift in Sources */,
				5C44B8241E542232002EFD33 /* AlamJsonController.swift in Sources */,
				5C0349BE1E52CC6100C990DB /* ShareData.swift in Sources */,
				5C8F47791E4054A7004551DB /* ViewCell1.swift in Sources */,
				5C77E42B1E5174DF00E06DF2 /* CoreDataViewController.swift in Sources */,
				5C4A62A81E388F3B000B36C3 /* AppDelegate.swift in Sources */,
				5C44B8921E542CE7002EFD33 /* Notifications.swift in Sources */,
				5C44B8A11E546289002EFD33 /* Station.swift in Sources */,
				5CFC00F61E4B3B3F00DAB510 /* Animation.swift in Sources */,
				5C44B8961E542CE7002EFD33 /* ResponseSerialization.swift in Sources */,
				5C44B8991E542CE7002EFD33 /* SessionDelegate.swift in Sources */,
				5C77E42E1E51767B00E06DF2 /* CoreDataConnection.swift in Sources */,
				5C08C9E21E487C01008B957D /* ViewCell2.swift in Sources */,
			);
			runOnlyForDeploymentPostprocessing = 0;
		};
		5C4A62B41E388F3C000B36C3 /* Sources */ = {
			isa = PBXSourcesBuildPhase;
			buildActionMask = 2147483647;
			files = (
				5C4A62BD1E388F3C000B36C3 /* sampleprojectTests.swift in Sources */,
			);
			runOnlyForDeploymentPostprocessing = 0;
		};
		5C4A62BF1E388F3C000B36C3 /* Sources */ = {
			isa = PBXSourcesBuildPhase;
			buildActionMask = 2147483647;
			files = (
				5C4A62C81E388F3C000B36C3 /* sampleprojectUITests.swift in Sources */,
			);
			runOnlyForDeploymentPostprocessing = 0;
		};
/* End PBXSourcesBuildPhase section */

/* Begin PBXTargetDependency section */
		5C4A62BA1E388F3C000B36C3 /* PBXTargetDependency */ = {
			isa = PBXTargetDependency;
			target = 5C4A62A31E388F3A000B36C3 /* sampleproject */;
			targetProxy = 5C4A62B91E388F3C000B36C3 /* PBXContainerItemProxy */;
		};
		5C4A62C51E388F3C000B36C3 /* PBXTargetDependency */ = {
			isa = PBXTargetDependency;
			target = 5C4A62A31E388F3A000B36C3 /* sampleproject */;
			targetProxy = 5C4A62C41E388F3C000B36C3 /* PBXContainerItemProxy */;
		};
/* End PBXTargetDependency section */

/* Begin PBXVariantGroup section */
		5C4A62AB1E388F3B000B36C3 /* Main.storyboard */ = {
			isa = PBXVariantGroup;
			children = (
				5C4A62AC1E388F3B000B36C3 /* Base */,
			);
			name = Main.storyboard;
			sourceTree = "<group>";
		};
		5C4A62B01E388F3B000B36C3 /* LaunchScreen.storyboard */ = {
			isa = PBXVariantGroup;
			children = (
				5C4A62B11E388F3B000B36C3 /* Base */,
			);
			name = LaunchScreen.storyboard;
			sourceTree = "<group>";
		};
/* End PBXVariantGroup section */

/* Begin XCBuildConfiguration section */
		5C4A62CA1E388F3C000B36C3 /* Debug */ = {
			isa = XCBuildConfiguration;
			buildSettings = {
				ALWAYS_SEARCH_USER_PATHS = NO;
				CLANG_ANALYZER_NONNULL = YES;
				CLANG_CXX_LANGUAGE_STANDARD = "gnu++0x";
				CLANG_CXX_LIBRARY = "libc++";
				CLANG_ENABLE_MODULES = YES;
				CLANG_ENABLE_OBJC_ARC = YES;
				CLANG_WARN_BOOL_CONVERSION = YES;
				CLANG_WARN_CONSTANT_CONVERSION = YES;
				CLANG_WARN_DIRECT_OBJC_ISA_USAGE = YES_ERROR;
				CLANG_WARN_DOCUMENTATION_COMMENTS = YES;
				CLANG_WARN_EMPTY_BODY = YES;
				CLANG_WARN_ENUM_CONVERSION = YES;
				CLANG_WARN_INFINITE_RECURSION = YES;
				CLANG_WARN_INT_CONVERSION = YES;
				CLANG_WARN_OBJC_ROOT_CLASS = YES_ERROR;
				CLANG_WARN_SUSPICIOUS_MOVE = YES;
				CLANG_WARN_UNREACHABLE_CODE = YES;
				CLANG_WARN__DUPLICATE_METHOD_MATCH = YES;
				"CODE_SIGN_IDENTITY[sdk=iphoneos*]" = "iPhone Developer";
				COPY_PHASE_STRIP = NO;
				DEBUG_INFORMATION_FORMAT = dwarf;
				ENABLE_STRICT_OBJC_MSGSEND = YES;
				ENABLE_TESTABILITY = YES;
				GCC_C_LANGUAGE_STANDARD = gnu99;
				GCC_DYNAMIC_NO_PIC = NO;
				GCC_NO_COMMON_BLOCKS = YES;
				GCC_OPTIMIZATION_LEVEL = 0;
				GCC_PREPROCESSOR_DEFINITIONS = (
					"DEBUG=1",
					"$(inherited)",
				);
				GCC_WARN_64_TO_32_BIT_CONVERSION = YES;
				GCC_WARN_ABOUT_RETURN_TYPE = YES_ERROR;
				GCC_WARN_UNDECLARED_SELECTOR = YES;
				GCC_WARN_UNINITIALIZED_AUTOS = YES_AGGRESSIVE;
				GCC_WARN_UNUSED_FUNCTION = YES;
				GCC_WARN_UNUSED_VARIABLE = YES;
				IPHONEOS_DEPLOYMENT_TARGET = 10.2;
				MTL_ENABLE_DEBUG_INFO = YES;
				ONLY_ACTIVE_ARCH = YES;
				SDKROOT = iphoneos;
				SWIFT_ACTIVE_COMPILATION_CONDITIONS = DEBUG;
				SWIFT_OPTIMIZATION_LEVEL = "-Onone";
				TARGETED_DEVICE_FAMILY = "1,2";
			};
			name = Debug;
		};
		5C4A62CB1E388F3C000B36C3 /* Release */ = {
			isa = XCBuildConfiguration;
			buildSettings = {
				ALWAYS_SEARCH_USER_PATHS = NO;
				CLANG_ANALYZER_NONNULL = YES;
				CLANG_CXX_LANGUAGE_STANDARD = "gnu++0x";
				CLANG_CXX_LIBRARY = "libc++";
				CLANG_ENABLE_MODULES = YES;
				CLANG_ENABLE_OBJC_ARC = YES;
				CLANG_WARN_BOOL_CONVERSION = YES;
				CLANG_WARN_CONSTANT_CONVERSION = YES;
				CLANG_WARN_DIRECT_OBJC_ISA_USAGE = YES_ERROR;
				CLANG_WARN_DOCUMENTATION_COMMENTS = YES;
				CLANG_WARN_EMPTY_BODY = YES;
				CLANG_WARN_ENUM_CONVERSION = YES;
				CLANG_WARN_INFINITE_RECURSION = YES;
				CLANG_WARN_INT_CONVERSION = YES;
				CLANG_WARN_OBJC_ROOT_CLASS = YES_ERROR;
				CLANG_WARN_SUSPICIOUS_MOVE = YES;
				CLANG_WARN_UNREACHABLE_CODE = YES;
				CLANG_WARN__DUPLICATE_METHOD_MATCH = YES;
				"CODE_SIGN_IDENTITY[sdk=iphoneos*]" = "iPhone Developer";
				COPY_PHASE_STRIP = NO;
				DEBUG_INFORMATION_FORMAT = "dwarf-with-dsym";
				ENABLE_NS_ASSERTIONS = NO;
				ENABLE_STRICT_OBJC_MSGSEND = YES;
				GCC_C_LANGUAGE_STANDARD = gnu99;
				GCC_NO_COMMON_BLOCKS = YES;
				GCC_WARN_64_TO_32_BIT_CONVERSION = YES;
				GCC_WARN_ABOUT_RETURN_TYPE = YES_ERROR;
				GCC_WARN_UNDECLARED_SELECTOR = YES;
				GCC_WARN_UNINITIALIZED_AUTOS = YES_AGGRESSIVE;
				GCC_WARN_UNUSED_FUNCTION = YES;
				GCC_WARN_UNUSED_VARIABLE = YES;
				IPHONEOS_DEPLOYMENT_TARGET = 10.2;
				MTL_ENABLE_DEBUG_INFO = NO;
				SDKROOT = iphoneos;
				SWIFT_OPTIMIZATION_LEVEL = "-Owholemodule";
				TARGETED_DEVICE_FAMILY = "1,2";
				VALIDATE_PRODUCT = YES;
			};
			name = Release;
		};
		5C4A62CD1E388F3C000B36C3 /* Debug */ = {
			isa = XCBuildConfiguration;
			buildSettings = {
				ASSETCATALOG_COMPILER_APPICON_NAME = AppIcon;
				INFOPLIST_FILE = sampleproject/Info.plist;
				LD_RUNPATH_SEARCH_PATHS = "$(inherited) @executable_path/Frameworks";
				PRODUCT_BUNDLE_IDENTIFIER = None.sampleproject;
				PRODUCT_NAME = "$(TARGET_NAME)";
				SWIFT_VERSION = 3.0;
			};
			name = Debug;
		};
		5C4A62CE1E388F3C000B36C3 /* Release */ = {
			isa = XCBuildConfiguration;
			buildSettings = {
				ASSETCATALOG_COMPILER_APPICON_NAME = AppIcon;
				INFOPLIST_FILE = sampleproject/Info.plist;
				LD_RUNPATH_SEARCH_PATHS = "$(inherited) @executable_path/Frameworks";
				PRODUCT_BUNDLE_IDENTIFIER = None.sampleproject;
				PRODUCT_NAME = "$(TARGET_NAME)";
				SWIFT_VERSION = 3.0;
			};
			name = Release;
		};
		5C4A62D01E388F3C000B36C3 /* Debug */ = {
			isa = XCBuildConfiguration;
			buildSettings = {
				ALWAYS_EMBED_SWIFT_STANDARD_LIBRARIES = YES;
				BUNDLE_LOADER = "$(TEST_HOST)";
				INFOPLIST_FILE = sampleprojectTests/Info.plist;
				LD_RUNPATH_SEARCH_PATHS = "$(inherited) @executable_path/Frameworks @loader_path/Frameworks";
				PRODUCT_BUNDLE_IDENTIFIER = None.sampleprojectTests;
				PRODUCT_NAME = "$(TARGET_NAME)";
				SWIFT_VERSION = 3.0;
				TEST_HOST = "$(BUILT_PRODUCTS_DIR)/sampleproject.app/sampleproject";
			};
			name = Debug;
		};
		5C4A62D11E388F3C000B36C3 /* Release */ = {
			isa = XCBuildConfiguration;
			buildSettings = {
				ALWAYS_EMBED_SWIFT_STANDARD_LIBRARIES = YES;
				BUNDLE_LOADER = "$(TEST_HOST)";
				INFOPLIST_FILE = sampleprojectTests/Info.plist;
				LD_RUNPATH_SEARCH_PATHS = "$(inherited) @executable_path/Frameworks @loader_path/Frameworks";
				PRODUCT_BUNDLE_IDENTIFIER = None.sampleprojectTests;
				PRODUCT_NAME = "$(TARGET_NAME)";
				SWIFT_VERSION = 3.0;
				TEST_HOST = "$(BUILT_PRODUCTS_DIR)/sampleproject.app/sampleproject";
			};
			name = Release;
		};
		5C4A62D31E388F3C000B36C3 /* Debug */ = {
			isa = XCBuildConfiguration;
			buildSettings = {
				ALWAYS_EMBED_SWIFT_STANDARD_LIBRARIES = YES;
				INFOPLIST_FILE = sampleprojectUITests/Info.plist;
				LD_RUNPATH_SEARCH_PATHS = "$(inherited) @executable_path/Frameworks @loader_path/Frameworks";
				PRODUCT_BUNDLE_IDENTIFIER = None.sampleprojectUITests;
				PRODUCT_NAME = "$(TARGET_NAME)";
				SWIFT_VERSION = 3.0;
				TEST_TARGET_NAME = sampleproject;
			};
			name = Debug;
		};
		5C4A62D41E388F3C000B36C3 /* Release */ = {
			isa = XCBuildConfiguration;
			buildSettings = {
				ALWAYS_EMBED_SWIFT_STANDARD_LIBRARIES = YES;
				INFOPLIST_FILE = sampleprojectUITests/Info.plist;
				LD_RUNPATH_SEARCH_PATHS = "$(inherited) @executable_path/Frameworks @loader_path/Frameworks";
				PRODUCT_BUNDLE_IDENTIFIER = None.sampleprojectUITests;
				PRODUCT_NAME = "$(TARGET_NAME)";
				SWIFT_VERSION = 3.0;
				TEST_TARGET_NAME = sampleproject;
			};
			name = Release;
		};
/* End XCBuildConfiguration section */

/* Begin XCConfigurationList section */
		5C4A629F1E388F3A000B36C3 /* Build configuration list for PBXProject "sampleproject" */ = {
			isa = XCConfigurationList;
			buildConfigurations = (
				5C4A62CA1E388F3C000B36C3 /* Debug */,
				5C4A62CB1E388F3C000B36C3 /* Release */,
			);
			defaultConfigurationIsVisible = 0;
			defaultConfigurationName = Release;
		};
		5C4A62CC1E388F3C000B36C3 /* Build configuration list for PBXNativeTarget "sampleproject" */ = {
			isa = XCConfigurationList;
			buildConfigurations = (
				5C4A62CD1E388F3C000B36C3 /* Debug */,
				5C4A62CE1E388F3C000B36C3 /* Release */,
			);
			defaultConfigurationIsVisible = 0;
			defaultConfigurationName = Release;
		};
		5C4A62CF1E388F3C000B36C3 /* Build configuration list for PBXNativeTarget "sampleprojectTests" */ = {
			isa = XCConfigurationList;
			buildConfigurations = (
				5C4A62D01E388F3C000B36C3 /* Debug */,
				5C4A62D11E388F3C000B36C3 /* Release */,
			);
			defaultConfigurationIsVisible = 0;
			defaultConfigurationName = Release;
		};
		5C4A62D21E388F3C000B36C3 /* Build configuration list for PBXNativeTarget "sampleprojectUITests" */ = {
			isa = XCConfigurationList;
			buildConfigurations = (
				5C4A62D31E388F3C000B36C3 /* Debug */,
				5C4A62D41E388F3C000B36C3 /* Release */,
			);
			defaultConfigurationIsVisible = 0;
			defaultConfigurationName = Release;
		};
/* End XCConfigurationList section */

/* Begin XCVersionGroup section */
		5C6FB9181E4DC7A50007CCEF /* Model.xcdatamodeld */ = {
			isa = XCVersionGroup;
			children = (
				5C6FB9191E4DC7A50007CCEF /* Model.xcdatamodel */,
			);
			currentVersion = 5C6FB9191E4DC7A50007CCEF /* Model.xcdatamodel */;
			path = Model.xcdatamodeld;
			sourceTree = "<group>";
			versionGroupType = wrapper.xcdatamodel;
		};
/* End XCVersionGroup section */
	};
	rootObject = 5C4A629C1E388F3A000B36C3 /* Project object */;
}
